
Microsoft Visual Studio Solution File, Format Version 12.00
# Visual Studio Version 17
VisualStudioVersion = 17.7.34221.43
MinimumVisualStudioVersion = 10.0.40219.1
Project("{FAE04EC0-301F-11D3-BF4B-00C04F79EFBC}") = "SimpleApi", "SimpleApi\SimpleApi.csproj", "{B95EE6A1-EAAD-4549-AC7B-08AE3553D3A3}"
EndProject
Project("{FAE04EC0-301F-11D3-BF4B-00C04F79EFBC}") = "RefitClient", "RefitClient\RefitClient.csproj", "{BA4CC6C7-AAA8-4EBF-A496-21770D8E0BCA}"
EndProject
Project("{FAE04EC0-301F-11D3-BF4B-00C04F79EFBC}") = "HttpClientApp", "HttpClientApp\HttpClientApp.csproj", "{A3F305A1-C29A-4A78-B733-C4E6D6EAA14C}"
EndProject
Global
	GlobalSection(SolutionConfigurationPlatforms) = preSolution
		Debug|Any CPU = Debug|Any CPU
		Release|Any CPU = Release|Any CPU
	EndGlobalSection
	GlobalSection(ProjectConfigurationPlatforms) = postSolution
		{B95EE6A1-EAAD-4549-AC7B-08AE3553D3A3}.Debug|Any CPU.ActiveCfg = Debug|Any CPU
		{B95EE6A1-EAAD-4549-AC7B-08AE3553D3A3}.Debug|Any CPU.Build.0 = Debug|Any CPU
		{B95EE6A1-EAAD-4549-AC7B-08AE3553D3A3}.Release|Any CPU.ActiveCfg = Release|Any CPU
		{B95EE6A1-EAAD-4549-AC7B-08AE3553D3A3}.Release|Any CPU.Build.0 = Release|Any CPU
		{BA4CC6C7-AAA8-4EBF-A496-21770D8E0BCA}.Debug|Any CPU.ActiveCfg = Debug|Any CPU
		{BA4CC6C7-AAA8-4EBF-A496-21770D8E0BCA}.Debug|Any CPU.Build.0 = Debug|Any CPU
		{BA4CC6C7-AAA8-4EBF-A496-21770D8E0BCA}.Release|Any CPU.ActiveCfg = Release|Any CPU
		{BA4CC6C7-AAA8-4EBF-A496-21770D8E0BCA}.Release|Any CPU.Build.0 = Release|Any CPU
		{A3F305A1-C29A-4A78-B733-C4E6D6EAA14C}.Debug|Any CPU.ActiveCfg = Debug|Any CPU
		{A3F305A1-C29A-4A78-B733-C4E6D6EAA14C}.Debug|Any CPU.Build.0 = Debug|Any CPU
		{A3F305A1-C29A-4A78-B733-C4E6D6EAA14C}.Release|Any CPU.ActiveCfg = Release|Any CPU
		{A3F305A1-C29A-4A78-B733-C4E6D6EAA14C}.Release|Any CPU.Build.0 = Release|Any CPU
	EndGlobalSection
	GlobalSection(SolutionProperties) = preSolution
		HideSolutionNode = FALSE
	EndGlobalSection
	GlobalSection(ExtensibilityGlobals) = postSolution
		SolutionGuid = {35E8A810-596B-47C8-A0B8-0A508753044D}
	EndGlobalSection
EndGlobal
